// !$*UTF8*$!
{
	archiveVersion = 1;
	classes = {
	};
	objectVersion = 50;
	objects = {

/* Begin PBXBuildFile section */
		09B9C55D27A1689800A7A439 /* AppDelegate.swift in Sources */ = {isa = PBXBuildFile; fileRef = 09B9C55C27A1689800A7A439 /* AppDelegate.swift */; };
		09B9C55F27A1689800A7A439 /* SceneDelegate.swift in Sources */ = {isa = PBXBuildFile; fileRef = 09B9C55E27A1689800A7A439 /* SceneDelegate.swift */; };
		09B9C56127A1689800A7A439 /* ViewController.swift in Sources */ = {isa = PBXBuildFile; fileRef = 09B9C56027A1689800A7A439 /* ViewController.swift */; };
		09B9C56427A1689800A7A439 /* Main.storyboard in Resources */ = {isa = PBXBuildFile; fileRef = 09B9C56227A1689800A7A439 /* Main.storyboard */; };
		09B9C56627A1689F00A7A439 /* Assets.xcassets in Resources */ = {isa = PBXBuildFile; fileRef = 09B9C56527A1689F00A7A439 /* Assets.xcassets */; };
		09B9C56927A1689F00A7A439 /* LaunchScreen.storyboard in Resources */ = {isa = PBXBuildFile; fileRef = 09B9C56727A1689F00A7A439 /* LaunchScreen.storyboard */; };
		09B9C57427A1689F00A7A439 /* BitCoinTrackerTests.swift in Sources */ = {isa = PBXBuildFile; fileRef = 09B9C57327A1689F00A7A439 /* BitCoinTrackerTests.swift */; };
		09B9C57F27A1689F00A7A439 /* BitCoinTrackerUITests.swift in Sources */ = {isa = PBXBuildFile; fileRef = 09B9C57E27A1689F00A7A439 /* BitCoinTrackerUITests.swift */; };
/* End PBXBuildFile section */

/* Begin PBXContainerItemProxy section */
		09B9C57027A1689F00A7A439 /* PBXContainerItemProxy */ = {
			isa = PBXContainerItemProxy;
			containerPortal = 09B9C55127A1689800A7A439 /* Project object */;
			proxyType = 1;
			remoteGlobalIDString = 09B9C55827A1689800A7A439;
			remoteInfo = BitCoinTracker;
		};
		09B9C57B27A1689F00A7A439 /* PBXContainerItemProxy */ = {
			isa = PBXContainerItemProxy;
			containerPortal = 09B9C55127A1689800A7A439 /* Project object */;
			proxyType = 1;
			remoteGlobalIDString = 09B9C55827A1689800A7A439;
			remoteInfo = BitCoinTracker;
		};
/* End PBXContainerItemProxy section */

/* Begin PBXFileReference section */
		09B9C55927A1689800A7A439 /* BitCoinTracker.app */ = {isa = PBXFileReference; explicitFileType = wrapper.application; includeInIndex = 0; path = BitCoinTracker.app; sourceTree = BUILT_PRODUCTS_DIR; };
		09B9C55C27A1689800A7A439 /* AppDelegate.swift */ = {isa = PBXFileReference; lastKnownFileType = sourcecode.swift; path = AppDelegate.swift; sourceTree = "<group>"; };
		09B9C55E27A1689800A7A439 /* SceneDelegate.swift */ = {isa = PBXFileReference; lastKnownFileType = sourcecode.swift; path = SceneDelegate.swift; sourceTree = "<group>"; };
		09B9C56027A1689800A7A439 /* ViewController.swift */ = {isa = PBXFileReference; lastKnownFileType = sourcecode.swift; path = ViewController.swift; sourceTree = "<group>"; };
		09B9C56327A1689800A7A439 /* Base */ = {isa = PBXFileReference; lastKnownFileType = file.storyboard; name = Base; path = Base.lproj/Main.storyboard; sourceTree = "<group>"; };
		09B9C56527A1689F00A7A439 /* Assets.xcassets */ = {isa = PBXFileReference; lastKnownFileType = folder.assetcatalog; path = Assets.xcassets; sourceTree = "<group>"; };
		09B9C56827A1689F00A7A439 /* Base */ = {isa = PBXFileReference; lastKnownFileType = file.storyboard; name = Base; path = Base.lproj/LaunchScreen.storyboard; sourceTree = "<group>"; };
		09B9C56A27A1689F00A7A439 /* Info.plist */ = {isa = PBXFileReference; lastKnownFileType = text.plist.xml; path = Info.plist; sourceTree = "<group>"; };
		09B9C56F27A1689F00A7A439 /* BitCoinTrackerTests.xctest */ = {isa = PBXFileReference; explicitFileType = wrapper.cfbundle; includeInIndex = 0; path = BitCoinTrackerTests.xctest; sourceTree = BUILT_PRODUCTS_DIR; };
		09B9C57327A1689F00A7A439 /* BitCoinTrackerTests.swift */ = {isa = PBXFileReference; lastKnownFileType = sourcecode.swift; path = BitCoinTrackerTests.swift; sourceTree = "<group>"; };
		09B9C57527A1689F00A7A439 /* Info.plist */ = {isa = PBXFileReference; lastKnownFileType = text.plist.xml; path = Info.plist; sourceTree = "<group>"; };
		09B9C57A27A1689F00A7A439 /* BitCoinTrackerUITests.xctest */ = {isa = PBXFileReference; explicitFileType = wrapper.cfbundle; includeInIndex = 0; path = BitCoinTrackerUITests.xctest; sourceTree = BUILT_PRODUCTS_DIR; };
		09B9C57E27A1689F00A7A439 /* BitCoinTrackerUITests.swift */ = {isa = PBXFileReference; lastKnownFileType = sourcecode.swift; path = BitCoinTrackerUITests.swift; sourceTree = "<group>"; };
		09B9C58027A1689F00A7A439 /* Info.plist */ = {isa = PBXFileReference; lastKnownFileType = text.plist.xml; path = Info.plist; sourceTree = "<group>"; };
/* End PBXFileReference section */

/* Begin PBXFrameworksBuildPhase section */
		09B9C55627A1689800A7A439 /* Frameworks */ = {
			isa = PBXFrameworksBuildPhase;
			buildActionMask = 2147483647;
			files = (
			);
			runOnlyForDeploymentPostprocessing = 0;
		};
		09B9C56C27A1689F00A7A439 /* Frameworks */ = {
			isa = PBXFrameworksBuildPhase;
			buildActionMask = 2147483647;
			files = (
			);
			runOnlyForDeploymentPostprocessing = 0;
		};
		09B9C57727A1689F00A7A439 /* Frameworks */ = {
			isa = PBXFrameworksBuildPhase;
			buildActionMask = 2147483647;
			files = (
			);
			runOnlyForDeploymentPostprocessing = 0;
		};
/* End PBXFrameworksBuildPhase section */

/* Begin PBXGroup section */
		09B9C55027A1689800A7A439 = {
			isa = PBXGroup;
			children = (
				09B9C55B27A1689800A7A439 /* BitCoinTracker */,
				09B9C57227A1689F00A7A439 /* BitCoinTrackerTests */,
				09B9C57D27A1689F00A7A439 /* BitCoinTrackerUITests */,
				09B9C55A27A1689800A7A439 /* Products */,
			);
			sourceTree = "<group>";
		};
		09B9C55A27A1689800A7A439 /* Products */ = {
			isa = PBXGroup;
			children = (
				09B9C55927A1689800A7A439 /* BitCoinTracker.app */,
				09B9C56F27A1689F00A7A439 /* BitCoinTrackerTests.xctest */,
				09B9C57A27A1689F00A7A439 /* BitCoinTrackerUITests.xctest */,
			);
			name = Products;
			sourceTree = "<group>";
		};
		09B9C55B27A1689800A7A439 /* BitCoinTracker */ = {
			isa = PBXGroup;
			children = (
				09B9C55C27A1689800A7A439 /* AppDelegate.swift */,
				09B9C55E27A1689800A7A439 /* SceneDelegate.swift */,
				09B9C56027A1689800A7A439 /* ViewController.swift */,
				09B9C56227A1689800A7A439 /* Main.storyboard */,
				09B9C56527A1689F00A7A439 /* Assets.xcassets */,
				09B9C56727A1689F00A7A439 /* LaunchScreen.storyboard */,
				09B9C56A27A1689F00A7A439 /* Info.plist */,
			);
			path = BitCoinTracker;
			sourceTree = "<group>";
		};
		09B9C57227A1689F00A7A439 /* BitCoinTrackerTests */ = {
			isa = PBXGroup;
			children = (
				09B9C57327A1689F00A7A439 /* BitCoinTrackerTests.swift */,
				09B9C57527A1689F00A7A439 /* Info.plist */,
			);
			path = BitCoinTrackerTests;
			sourceTree = "<group>";
		};
		09B9C57D27A1689F00A7A439 /* BitCoinTrackerUITests */ = {
			isa = PBXGroup;
			children = (
				09B9C57E27A1689F00A7A439 /* BitCoinTrackerUITests.swift */,
				09B9C58027A1689F00A7A439 /* Info.plist */,
			);
			path = BitCoinTrackerUITests;
			sourceTree = "<group>";
		};
/* End PBXGroup section */

/* Begin PBXNativeTarget section */
		09B9C55827A1689800A7A439 /* BitCoinTracker */ = {
			isa = PBXNativeTarget;
			buildConfigurationList = 09B9C58327A1689F00A7A439 /* Build configuration list for PBXNativeTarget "BitCoinTracker" */;
			buildPhases = (
				09B9C55527A1689800A7A439 /* Sources */,
				09B9C55627A1689800A7A439 /* Frameworks */,
				09B9C55727A1689800A7A439 /* Resources */,
			);
			buildRules = (
			);
			dependencies = (
			);
			name = BitCoinTracker;
			productName = BitCoinTracker;
			productReference = 09B9C55927A1689800A7A439 /* BitCoinTracker.app */;
			productType = "com.apple.product-type.application";
		};
		09B9C56E27A1689F00A7A439 /* BitCoinTrackerTests */ = {
			isa = PBXNativeTarget;
			buildConfigurationList = 09B9C58627A1689F00A7A439 /* Build configuration list for PBXNativeTarget "BitCoinTrackerTests" */;
			buildPhases = (
				09B9C56B27A1689F00A7A439 /* Sources */,
				09B9C56C27A1689F00A7A439 /* Frameworks */,
				09B9C56D27A1689F00A7A439 /* Resources */,
			);
			buildRules = (
			);
			dependencies = (
				09B9C57127A1689F00A7A439 /* PBXTargetDependency */,
			);
			name = BitCoinTrackerTests;
			productName = BitCoinTrackerTests;
			productReference = 09B9C56F27A1689F00A7A439 /* BitCoinTrackerTests.xctest */;
			productType = "com.apple.product-type.bundle.unit-test";
		};
		09B9C57927A1689F00A7A439 /* BitCoinTrackerUITests */ = {
			isa = PBXNativeTarget;
			buildConfigurationList = 09B9C58927A1689F00A7A439 /* Build configuration list for PBXNativeTarget "BitCoinTrackerUITests" */;
			buildPhases = (
				09B9C57627A1689F00A7A439 /* Sources */,
				09B9C57727A1689F00A7A439 /* Frameworks */,
				09B9C57827A1689F00A7A439 /* Resources */,
			);
			buildRules = (
			);
			dependencies = (
				09B9C57C27A1689F00A7A439 /* PBXTargetDependency */,
			);
			name = BitCoinTrackerUITests;
			productName = BitCoinTrackerUITests;
			productReference = 09B9C57A27A1689F00A7A439 /* BitCoinTrackerUITests.xctest */;
			productType = "com.apple.product-type.bundle.ui-testing";
		};
/* End PBXNativeTarget section */

/* Begin PBXProject section */
		09B9C55127A1689800A7A439 /* Project object */ = {
			isa = PBXProject;
			attributes = {
				LastSwiftUpdateCheck = 1250;
				LastUpgradeCheck = 1250;
				TargetAttributes = {
					09B9C55827A1689800A7A439 = {
						CreatedOnToolsVersion = 12.5;
					};
					09B9C56E27A1689F00A7A439 = {
						CreatedOnToolsVersion = 12.5;
						TestTargetID = 09B9C55827A1689800A7A439;
					};
					09B9C57927A1689F00A7A439 = {
						CreatedOnToolsVersion = 12.5;
						TestTargetID = 09B9C55827A1689800A7A439;
					};
				};
			};
			buildConfigurationList = 09B9C55427A1689800A7A439 /* Build configuration list for PBXProject "BitCoinTracker" */;
			compatibilityVersion = "Xcode 9.3";
			developmentRegion = en;
			hasScannedForEncodings = 0;
			knownRegions = (
				en,
				Base,
			);
			mainGroup = 09B9C55027A1689800A7A439;
			productRefGroup = 09B9C55A27A1689800A7A439 /* Products */;
			projectDirPath = "";
			projectRoot = "";
			targets = (
				09B9C55827A1689800A7A439 /* BitCoinTracker */,
				09B9C56E27A1689F00A7A439 /* BitCoinTrackerTests */,
				09B9C57927A1689F00A7A439 /* BitCoinTrackerUITests */,
			);
		};
/* End PBXProject section */

/* Begin PBXResourcesBuildPhase section */
		09B9C55727A1689800A7A439 /* Resources */ = {
			isa = PBXResourcesBuildPhase;
			buildActionMask = 2147483647;
			files = (
				09B9C56927A1689F00A7A439 /* LaunchScreen.storyboard in Resources */,
				09B9C56627A1689F00A7A439 /* Assets.xcassets in Resources */,
				09B9C56427A1689800A7A439 /* Main.storyboard in Resources */,
			);
			runOnlyForDeploymentPostprocessing = 0;
		};
		09B9C56D27A1689F00A7A439 /* Resources */ = {
			isa = PBXResourcesBuildPhase;
			buildActionMask = 2147483647;
			files = (
			);
			runOnlyForDeploymentPostprocessing = 0;
		};
		09B9C57827A1689F00A7A439 /* Resources */ = {
			isa = PBXResourcesBuildPhase;
			buildActionMask = 2147483647;
			files = (
			);
			runOnlyForDeploymentPostprocessing = 0;
		};
/* End PBXResourcesBuildPhase section */

/* Begin PBXSourcesBuildPhase section */
		09B9C55527A1689800A7A439 /* Sources */ = {
			isa = PBXSourcesBuildPhase;
			buildActionMask = 2147483647;
			files = (
				09B9C56127A1689800A7A439 /* ViewController.swift in Sources */,
				09B9C55D27A1689800A7A439 /* AppDelegate.swift in Sources */,
				09B9C55F27A1689800A7A439 /* SceneDelegate.swift in Sources */,
			);
			runOnlyForDeploymentPostprocessing = 0;
		};
		09B9C56B27A1689F00A7A439 /* Sources */ = {
			isa = PBXSourcesBuildPhase;
			buildActionMask = 2147483647;
			files = (
				09B9C57427A1689F00A7A439 /* BitCoinTrackerTests.swift in Sources */,
			);
			runOnlyForDeploymentPostprocessing = 0;
		};
		09B9C57627A1689F00A7A439 /* Sources */ = {
			isa = PBXSourcesBuildPhase;
			buildActionMask = 2147483647;
			files = (
				09B9C57F27A1689F00A7A439 /* BitCoinTrackerUITests.swift in Sources */,
			);
			runOnlyForDeploymentPostprocessing = 0;
		};
/* End PBXSourcesBuildPhase section */

/* Begin PBXTargetDependency section */
		09B9C57127A1689F00A7A439 /* PBXTargetDependency */ = {
			isa = PBXTargetDependency;
			target = 09B9C55827A1689800A7A439 /* BitCoinTracker */;
			targetProxy = 09B9C57027A1689F00A7A439 /* PBXContainerItemProxy */;
		};
		09B9C57C27A1689F00A7A439 /* PBXTargetDependency */ = {
			isa = PBXTargetDependency;
			target = 09B9C55827A1689800A7A439 /* BitCoinTracker */;
			targetProxy = 09B9C57B27A1689F00A7A439 /* PBXContainerItemProxy */;
		};
/* End PBXTargetDependency section */

/* Begin PBXVariantGroup section */
		09B9C56227A1689800A7A439 /* Main.storyboard */ = {
			isa = PBXVariantGroup;
			children = (
				09B9C56327A1689800A7A439 /* Base */,
			);
			name = Main.storyboard;
			sourceTree = "<group>";
		};
		09B9C56727A1689F00A7A439 /* LaunchScreen.storyboard */ = {
			isa = PBXVariantGroup;
			children = (
				09B9C56827A1689F00A7A439 /* Base */,
			);
			name = LaunchScreen.storyboard;
			sourceTree = "<group>";
		};
/* End PBXVariantGroup section */

/* Begin XCBuildConfiguration section */
		09B9C58127A1689F00A7A439 /* Debug */ = {
			isa = XCBuildConfiguration;
			buildSettings = {
				ALWAYS_SEARCH_USER_PATHS = NO;
				CLANG_ANALYZER_NONNULL = YES;
				CLANG_ANALYZER_NUMBER_OBJECT_CONVERSION = YES_AGGRESSIVE;
				CLANG_CXX_LANGUAGE_STANDARD = "gnu++14";
				CLANG_CXX_LIBRARY = "libc++";
				CLANG_ENABLE_MODULES = YES;
				CLANG_ENABLE_OBJC_ARC = YES;
				CLANG_ENABLE_OBJC_WEAK = YES;
				CLANG_WARN_BLOCK_CAPTURE_AUTORELEASING = YES;
				CLANG_WARN_BOOL_CONVERSION = YES;
				CLANG_WARN_COMMA = YES;
				CLANG_WARN_CONSTANT_CONVERSION = YES;
				CLANG_WARN_DEPRECATED_OBJC_IMPLEMENTATIONS = YES;
				CLANG_WARN_DIRECT_OBJC_ISA_USAGE = YES_ERROR;
				CLANG_WARN_DOCUMENTATION_COMMENTS = YES;
				CLANG_WARN_EMPTY_BODY = YES;
				CLANG_WARN_ENUM_CONVERSION = YES;
				CLANG_WARN_INFINITE_RECURSION = YES;
				CLANG_WARN_INT_CONVERSION = YES;
				CLANG_WARN_NON_LITERAL_NULL_CONVERSION = YES;
				CLANG_WARN_OBJC_IMPLICIT_RETAIN_SELF = YES;
				CLANG_WARN_OBJC_LITERAL_CONVERSION = YES;
				CLANG_WARN_OBJC_ROOT_CLASS = YES_ERROR;
				CLANG_WARN_QUOTED_INCLUDE_IN_FRAMEWORK_HEADER = YES;
				CLANG_WARN_RANGE_LOOP_ANALYSIS = YES;
				CLANG_WARN_STRICT_PROTOTYPES = YES;
				CLANG_WARN_SUSPICIOUS_MOVE = YES;
				CLANG_WARN_UNGUARDED_AVAILABILITY = YES_AGGRESSIVE;
				CLANG_WARN_UNREACHABLE_CODE = YES;
				CLANG_WARN__DUPLICATE_METHOD_MATCH = YES;
				COPY_PHASE_STRIP = NO;
				DEBUG_INFORMATION_FORMAT = dwarf;
				ENABLE_STRICT_OBJC_MSGSEND = YES;
				ENABLE_TESTABILITY = YES;
				GCC_C_LANGUAGE_STANDARD = gnu11;
				GCC_DYNAMIC_NO_PIC = NO;
				GCC_NO_COMMON_BLOCKS = YES;
				GCC_OPTIMIZATION_LEVEL = 0;
				GCC_PREPROCESSOR_DEFINITIONS = (
					"DEBUG=1",
					"$(inherited)",
				);
				GCC_WARN_64_TO_32_BIT_CONVERSION = YES;
				GCC_WARN_ABOUT_RETURN_TYPE = YES_ERROR;
				GCC_WARN_UNDECLARED_SELECTOR = YES;
				GCC_WARN_UNINITIALIZED_AUTOS = YES_AGGRESSIVE;
				GCC_WARN_UNUSED_FUNCTION = YES;
				GCC_WARN_UNUSED_VARIABLE = YES;
				IPHONEOS_DEPLOYMENT_TARGET = 14.5;
				MTL_ENABLE_DEBUG_INFO = INCLUDE_SOURCE;
				MTL_FAST_MATH = YES;
				ONLY_ACTIVE_ARCH = YES;
				SDKROOT = iphoneos;
				SWIFT_ACTIVE_COMPILATION_CONDITIONS = DEBUG;
				SWIFT_OPTIMIZATION_LEVEL = "-Onone";
			};
			name = Debug;
		};
		09B9C58227A1689F00A7A439 /* Release */ = {
			isa = XCBuildConfiguration;
			buildSettings = {
				ALWAYS_SEARCH_USER_PATHS = NO;
				CLANG_ANALYZER_NONNULL = YES;
				CLANG_ANALYZER_NUMBER_OBJECT_CONVERSION = YES_AGGRESSIVE;
				CLANG_CXX_LANGUAGE_STANDARD = "gnu++14";
				CLANG_CXX_LIBRARY = "libc++";
				CLANG_ENABLE_MODULES = YES;
				CLANG_ENABLE_OBJC_ARC = YES;
				CLANG_ENABLE_OBJC_WEAK = YES;
				CLANG_WARN_BLOCK_CAPTURE_AUTORELEASING = YES;
				CLANG_WARN_BOOL_CONVERSION = YES;
				CLANG_WARN_COMMA = YES;
				CLANG_WARN_CONSTANT_CONVERSION = YES;
				CLANG_WARN_DEPRECATED_OBJC_IMPLEMENTATIONS = YES;
				CLANG_WARN_DIRECT_OBJC_ISA_USAGE = YES_ERROR;
				CLANG_WARN_DOCUMENTATION_COMMENTS = YES;
				CLANG_WARN_EMPTY_BODY = YES;
				CLANG_WARN_ENUM_CONVERSION = YES;
				CLANG_WARN_INFINITE_RECURSION = YES;
				CLANG_WARN_INT_CONVERSION = YES;
				CLANG_WARN_NON_LITERAL_NULL_CONVERSION = YES;
				CLANG_WARN_OBJC_IMPLICIT_RETAIN_SELF = YES;
				CLANG_WARN_OBJC_LITERAL_CONVERSION = YES;
				CLANG_WARN_OBJC_ROOT_CLASS = YES_ERROR;
				CLANG_WARN_QUOTED_INCLUDE_IN_FRAMEWORK_HEADER = YES;
				CLANG_WARN_RANGE_LOOP_ANALYSIS = YES;
				CLANG_WARN_STRICT_PROTOTYPES = YES;
				CLANG_WARN_SUSPICIOUS_MOVE = YES;
				CLANG_WARN_UNGUARDED_AVAILABILITY = YES_AGGRESSIVE;
				CLANG_WARN_UNREACHABLE_CODE = YES;
				CLANG_WARN__DUPLICATE_METHOD_MATCH = YES;
				COPY_PHASE_STRIP = NO;
				DEBUG_INFORMATION_FORMAT = "dwarf-with-dsym";
				ENABLE_NS_ASSERTIONS = NO;
				ENABLE_STRICT_OBJC_MSGSEND = YES;
				GCC_C_LANGUAGE_STANDARD = gnu11;
				GCC_NO_COMMON_BLOCKS = YES;
				GCC_WARN_64_TO_32_BIT_CONVERSION = YES;
				GCC_WARN_ABOUT_RETURN_TYPE = YES_ERROR;
				GCC_WARN_UNDECLARED_SELECTOR = YES;
				GCC_WARN_UNINITIALIZED_AUTOS = YES_AGGRESSIVE;
				GCC_WARN_UNUSED_FUNCTION = YES;
				GCC_WARN_UNUSED_VARIABLE = YES;
				IPHONEOS_DEPLOYMENT_TARGET = 14.5;
				MTL_ENABLE_DEBUG_INFO = NO;
				MTL_FAST_MATH = YES;
				SDKROOT = iphoneos;
				SWIFT_COMPILATION_MODE = wholemodule;
				SWIFT_OPTIMIZATION_LEVEL = "-O";
				VALIDATE_PRODUCT = YES;
			};
			name = Release;
		};
		09B9C58427A1689F00A7A439 /* Debug */ = {
			isa = XCBuildConfiguration;
			buildSettings = {
				ASSETCATALOG_COMPILER_APPICON_NAME = AppIcon;
				ASSETCATALOG_COMPILER_GLOBAL_ACCENT_COLOR_NAME = AccentColor;
				CODE_SIGN_STYLE = Automatic;
				DEVELOPMENT_TEAM = 46LLJ8F52L;
				INFOPLIST_FILE = BitCoinTracker/Info.plist;
				LD_RUNPATH_SEARCH_PATHS = (
					"$(inherited)",
					"@executable_path/Frameworks",
				);
				PRODUCT_BUNDLE_IDENTIFIER = edu.BitCoinTracker;
				PRODUCT_NAME = "$(TARGET_NAME)";
				SWIFT_VERSION = 5.0;
				TARGETED_DEVICE_FAMILY = "1,2";
			};
			name = Debug;
		};
		09B9C58527A1689F00A7A439 /* Release */ = {
			isa = XCBuildConfiguration;
			buildSettings = {
				ASSETCATALOG_COMPILER_APPICON_NAME = AppIcon;
				ASSETCATALOG_COMPILER_GLOBAL_ACCENT_COLOR_NAME = AccentColor;
				CODE_SIGN_STYLE = Automatic;
				DEVELOPMENT_TEAM = 46LLJ8F52L;
				INFOPLIST_FILE = BitCoinTracker/Info.plist;
				LD_RUNPATH_SEARCH_PATHS = (
					"$(inherited)",
					"@executable_path/Frameworks",
				);
				PRODUCT_BUNDLE_IDENTIFIER = edu.BitCoinTracker;
				PRODUCT_NAME = "$(TARGET_NAME)";
				SWIFT_VERSION = 5.0;
				TARGETED_DEVICE_FAMILY = "1,2";
			};
			name = Release;
		};
		09B9C58727A1689F00A7A439 /* Debug */ = {
			isa = XCBuildConfiguration;
			buildSettings = {
				ALWAYS_EMBED_SWIFT_STANDARD_LIBRARIES = YES;
				BUNDLE_LOADER = "$(TEST_HOST)";
				CODE_SIGN_STYLE = Automatic;
				DEVELOPMENT_TEAM = 46LLJ8F52L;
				INFOPLIST_FILE = BitCoinTrackerTests/Info.plist;
				IPHONEOS_DEPLOYMENT_TARGET = 14.5;
				LD_RUNPATH_SEARCH_PATHS = (
					"$(inherited)",
					"@executable_path/Frameworks",
					"@loader_path/Frameworks",
				);
				PRODUCT_BUNDLE_IDENTIFIER = edu.BitCoinTrackerTests;
				PRODUCT_NAME = "$(TARGET_NAME)";
				SWIFT_VERSION = 5.0;
				TARGETED_DEVICE_FAMILY = "1,2";
				TEST_HOST = "$(BUILT_PRODUCTS_DIR)/BitCoinTracker.app/BitCoinTracker";
			};
			name = Debug;
		};
		09B9C58827A1689F00A7A439 /* Release */ = {
			isa = XCBuildConfiguration;
			buildSettings = {
				ALWAYS_EMBED_SWIFT_STANDARD_LIBRARIES = YES;
				BUNDLE_LOADER = "$(TEST_HOST)";
				CODE_SIGN_STYLE = Automatic;
				DEVELOPMENT_TEAM = 46LLJ8F52L;
				INFOPLIST_FILE = BitCoinTrackerTests/Info.plist;
				IPHONEOS_DEPLOYMENT_TARGET = 14.5;
				LD_RUNPATH_SEARCH_PATHS = (
					"$(inherited)",
					"@executable_path/Frameworks",
					"@loader_path/Frameworks",
				);
				PRODUCT_BUNDLE_IDENTIFIER = edu.BitCoinTrackerTests;
				PRODUCT_NAME = "$(TARGET_NAME)";
				SWIFT_VERSION = 5.0;
				TARGETED_DEVICE_FAMILY = "1,2";
				TEST_HOST = "$(BUILT_PRODUCTS_DIR)/BitCoinTracker.app/BitCoinTracker";
			};
			name = Release;
		};
		09B9C58A27A1689F00A7A439 /* Debug */ = {
			isa = XCBuildConfiguration;
			buildSettings = {
				ALWAYS_EMBED_SWIFT_STANDARD_LIBRARIES = YES;
				CODE_SIGN_STYLE = Automatic;
				DEVELOPMENT_TEAM = 46LLJ8F52L;
				INFOPLIST_FILE = BitCoinTrackerUITests/Info.plist;
				LD_RUNPATH_SEARCH_PATHS = (
					"$(inherited)",
					"@executable_path/Frameworks",
					"@loader_path/Frameworks",
				);
				PRODUCT_BUNDLE_IDENTIFIER = edu.BitCoinTrackerUITests;
				PRODUCT_NAME = "$(TARGET_NAME)";
				SWIFT_VERSION = 5.0;
				TARGETED_DEVICE_FAMILY = "1,2";
				TEST_TARGET_NAME = BitCoinTracker;
			};
			name = Debug;
		};
		09B9C58B27A1689F00A7A439 /* Release */ = {
			isa = XCBuildConfiguration;
			buildSettings = {
				ALWAYS_EMBED_SWIFT_STANDARD_LIBRARIES = YES;
				CODE_SIGN_STYLE = Automatic;
				DEVELOPMENT_TEAM = 46LLJ8F52L;
				INFOPLIST_FILE = BitCoinTrackerUITests/Info.plist;
				LD_RUNPATH_SEARCH_PATHS = (
					"$(inherited)",
					"@executable_path/Frameworks",
					"@loader_path/Frameworks",
				);
				PRODUCT_BUNDLE_IDENTIFIER = edu.BitCoinTrackerUITests;
				PRODUCT_NAME = "$(TARGET_NAME)";
				SWIFT_VERSION = 5.0;
				TARGETED_DEVICE_FAMILY = "1,2";
				TEST_TARGET_NAME = BitCoinTracker;
			};
			name = Release;
		};
/* End XCBuildConfiguration section */

/* Begin XCConfigurationList section */
		09B9C55427A1689800A7A439 /* Build configuration list for PBXProject "BitCoinTracker" */ = {
			isa = XCConfigurationList;
			buildConfigurations = (
				09B9C58127A1689F00A7A439 /* Debug */,
				09B9C58227A1689F00A7A439 /* Release */,
			);
			defaultConfigurationIsVisible = 0;
			defaultConfigurationName = Release;
		};
		09B9C58327A1689F00A7A439 /* Build configuration list for PBXNativeTarget "BitCoinTracker" */ = {
			isa = XCConfigurationList;
			buildConfigurations = (
				09B9C58427A1689F00A7A439 /* Debug */,
				09B9C58527A1689F00A7A439 /* Release */,
			);
			defaultConfigurationIsVisible = 0;
			defaultConfigurationName = Release;
		};
		09B9C58627A1689F00A7A439 /* Build configuration list for PBXNativeTarget "BitCoinTrackerTests" */ = {
			isa = XCConfigurationList;
			buildConfigurations = (
				09B9C58727A1689F00A7A439 /* Debug */,
				09B9C58827A1689F00A7A439 /* Release */,
			);
			defaultConfigurationIsVisible = 0;
			defaultConfigurationName = Release;
		};
		09B9C58927A1689F00A7A439 /* Build configuration list for PBXNativeTarget "BitCoinTrackerUITests" */ = {
			isa = XCConfigurationList;
			buildConfigurations = (
				09B9C58A27A1689F00A7A439 /* Debug */,
				09B9C58B27A1689F00A7A439 /* Release */,
			);
			defaultConfigurationIsVisible = 0;
			defaultConfigurationName = Release;
		};
/* End XCConfigurationList section */
	};
	rootObject = 09B9C55127A1689800A7A439 /* Project object */;
}
